
Microsoft Visual Studio Solution File, Format Version 12.00
# Visual Studio Version 17
VisualStudioVersion = 17.6.33815.320
MinimumVisualStudioVersion = 10.0.40219.1
Project("{9A19103F-16F7-4668-BE54-9A1E7A4F7556}") = "Repository", "Repository\Repository.csproj", "{AFE99D23-DFC0-47C6-B28C-D4C12AD8ECF0}"
EndProject
Project("{9A19103F-16F7-4668-BE54-9A1E7A4F7556}") = "Services", "Services\Services.csproj", "{D980E144-184A-422B-9034-3C96EE958A9A}"
EndProject
Global
	GlobalSection(SolutionConfigurationPlatforms) = preSolution
		Debug|Any CPU = Debug|Any CPU
		Release|Any CPU = Release|Any CPU
	EndGlobalSection
	GlobalSection(ProjectConfigurationPlatforms) = postSolution
		{AFE99D23-DFC0-47C6-B28C-D4C12AD8ECF0}.Debug|Any CPU.ActiveCfg = Debug|Any CPU
		{AFE99D23-DFC0-47C6-B28C-D4C12AD8ECF0}.Debug|Any CPU.Build.0 = Debug|Any CPU
		{AFE99D23-DFC0-47C6-B28C-D4C12AD8ECF0}.Release|Any CPU.ActiveCfg = Release|Any CPU
		{AFE99D23-DFC0-47C6-B28C-D4C12AD8ECF0}.Release|Any CPU.Build.0 = Release|Any CPU
		{D980E144-184A-422B-9034-3C96EE958A9A}.Debug|Any CPU.ActiveCfg = Debug|Any CPU
		{D980E144-184A-422B-9034-3C96EE958A9A}.Debug|Any CPU.Build.0 = Debug|Any CPU
		{D980E144-184A-422B-9034-3C96EE958A9A}.Release|Any CPU.ActiveCfg = Release|Any CPU
		{D980E144-184A-422B-9034-3C96EE958A9A}.Release|Any CPU.Build.0 = Release|Any CPU
	EndGlobalSection
	GlobalSection(SolutionProperties) = preSolution
		HideSolutionNode = FALSE
	EndGlobalSection
	GlobalSection(ExtensibilityGlobals) = postSolution
		SolutionGuid = {FE0F65C3-0ACC-4A67-8791-8C9584E28910}
	EndGlobalSection
EndGlobal
