
Microsoft Visual Studio Solution File, Format Version 12.00
# Visual Studio Version 17
VisualStudioVersion = 17.6.33815.320
MinimumVisualStudioVersion = 10.0.40219.1
Project("{9A19103F-16F7-4668-BE54-9A1E7A4F7556}") = "BusinessObjects", "BusinessObjects\BusinessObjects.csproj", "{C73211D0-4B79-48FE-93BC-0787A27870F5}"
EndProject
Project("{9A19103F-16F7-4668-BE54-9A1E7A4F7556}") = "Repositories", "Repositories\Repositories.csproj", "{4DB8BF1C-E021-40E9-972B-B2BE66BC452E}"
EndProject
Project("{9A19103F-16F7-4668-BE54-9A1E7A4F7556}") = "DataAccess", "DataAccess\DataAccess.csproj", "{3ECE3459-B5DD-462F-9E84-4D3E973D3501}"
EndProject
Project("{9A19103F-16F7-4668-BE54-9A1E7A4F7556}") = "ProductManagementApi", "ProductManagementApi\ProductManagementApi.csproj", "{C1EF9E32-45B4-46C4-BF89-EDE1447A3089}"
EndProject
Project("{FAE04EC0-301F-11D3-BF4B-00C04F79EFBC}") = "ProductManagementWebClient", "ProductManagementWebClient\ProductManagementWebClient.csproj", "{9235ED22-7FF8-4BEE-B9C2-0AA8DDEBC961}"
EndProject
Global
	GlobalSection(SolutionConfigurationPlatforms) = preSolution
		Debug|Any CPU = Debug|Any CPU
		Release|Any CPU = Release|Any CPU
	EndGlobalSection
	GlobalSection(ProjectConfigurationPlatforms) = postSolution
		{C73211D0-4B79-48FE-93BC-0787A27870F5}.Debug|Any CPU.ActiveCfg = Debug|Any CPU
		{C73211D0-4B79-48FE-93BC-0787A27870F5}.Debug|Any CPU.Build.0 = Debug|Any CPU
		{C73211D0-4B79-48FE-93BC-0787A27870F5}.Release|Any CPU.ActiveCfg = Release|Any CPU
		{C73211D0-4B79-48FE-93BC-0787A27870F5}.Release|Any CPU.Build.0 = Release|Any CPU
		{4DB8BF1C-E021-40E9-972B-B2BE66BC452E}.Debug|Any CPU.ActiveCfg = Debug|Any CPU
		{4DB8BF1C-E021-40E9-972B-B2BE66BC452E}.Debug|Any CPU.Build.0 = Debug|Any CPU
		{4DB8BF1C-E021-40E9-972B-B2BE66BC452E}.Release|Any CPU.ActiveCfg = Release|Any CPU
		{4DB8BF1C-E021-40E9-972B-B2BE66BC452E}.Release|Any CPU.Build.0 = Release|Any CPU
		{3ECE3459-B5DD-462F-9E84-4D3E973D3501}.Debug|Any CPU.ActiveCfg = Debug|Any CPU
		{3ECE3459-B5DD-462F-9E84-4D3E973D3501}.Debug|Any CPU.Build.0 = Debug|Any CPU
		{3ECE3459-B5DD-462F-9E84-4D3E973D3501}.Release|Any CPU.ActiveCfg = Release|Any CPU
		{3ECE3459-B5DD-462F-9E84-4D3E973D3501}.Release|Any CPU.Build.0 = Release|Any CPU
		{C1EF9E32-45B4-46C4-BF89-EDE1447A3089}.Debug|Any CPU.ActiveCfg = Debug|Any CPU
		{C1EF9E32-45B4-46C4-BF89-EDE1447A3089}.Debug|Any CPU.Build.0 = Debug|Any CPU
		{C1EF9E32-45B4-46C4-BF89-EDE1447A3089}.Release|Any CPU.ActiveCfg = Release|Any CPU
		{C1EF9E32-45B4-46C4-BF89-EDE1447A3089}.Release|Any CPU.Build.0 = Release|Any CPU
		{9235ED22-7FF8-4BEE-B9C2-0AA8DDEBC961}.Debug|Any CPU.ActiveCfg = Debug|Any CPU
		{9235ED22-7FF8-4BEE-B9C2-0AA8DDEBC961}.Debug|Any CPU.Build.0 = Debug|Any CPU
		{9235ED22-7FF8-4BEE-B9C2-0AA8DDEBC961}.Release|Any CPU.ActiveCfg = Release|Any CPU
		{9235ED22-7FF8-4BEE-B9C2-0AA8DDEBC961}.Release|Any CPU.Build.0 = Release|Any CPU
	EndGlobalSection
	GlobalSection(SolutionProperties) = preSolution
		HideSolutionNode = FALSE
	EndGlobalSection
	GlobalSection(ExtensibilityGlobals) = postSolution
		SolutionGuid = {609F43F7-71B2-460A-AFE5-7D03AFE4FB97}
	EndGlobalSection
EndGlobal
