
Microsoft Visual Studio Solution File, Format Version 12.00
# Visual Studio Version 17
VisualStudioVersion = 17.6.33815.320
MinimumVisualStudioVersion = 10.0.40219.1
Project("{FAE04EC0-301F-11D3-BF4B-00C04F79EFBC}") = "Repository", "Repository\Repository.csproj", "{90CBB3AA-895A-4331-B38F-3B09D9AD3CC1}"
EndProject
Project("{FAE04EC0-301F-11D3-BF4B-00C04F79EFBC}") = "Services", "Services\Services.csproj", "{CD5B5BBD-2329-4363-A151-F288EB4F1076}"
EndProject
Global
	GlobalSection(SolutionConfigurationPlatforms) = preSolution
		Debug|Any CPU = Debug|Any CPU
		Release|Any CPU = Release|Any CPU
	EndGlobalSection
	GlobalSection(ProjectConfigurationPlatforms) = postSolution
		{90CBB3AA-895A-4331-B38F-3B09D9AD3CC1}.Debug|Any CPU.ActiveCfg = Debug|Any CPU
		{90CBB3AA-895A-4331-B38F-3B09D9AD3CC1}.Debug|Any CPU.Build.0 = Debug|Any CPU
		{90CBB3AA-895A-4331-B38F-3B09D9AD3CC1}.Release|Any CPU.ActiveCfg = Release|Any CPU
		{90CBB3AA-895A-4331-B38F-3B09D9AD3CC1}.Release|Any CPU.Build.0 = Release|Any CPU
		{CD5B5BBD-2329-4363-A151-F288EB4F1076}.Debug|Any CPU.ActiveCfg = Debug|Any CPU
		{CD5B5BBD-2329-4363-A151-F288EB4F1076}.Debug|Any CPU.Build.0 = Debug|Any CPU
		{CD5B5BBD-2329-4363-A151-F288EB4F1076}.Release|Any CPU.ActiveCfg = Release|Any CPU
		{CD5B5BBD-2329-4363-A151-F288EB4F1076}.Release|Any CPU.Build.0 = Release|Any CPU
	EndGlobalSection
	GlobalSection(SolutionProperties) = preSolution
		HideSolutionNode = FALSE
	EndGlobalSection
	GlobalSection(ExtensibilityGlobals) = postSolution
		SolutionGuid = {FAAEAC45-399D-4ACD-9354-5D82F9A28BD0}
	EndGlobalSection
EndGlobal
