
Microsoft Visual Studio Solution File, Format Version 12.00
# Visual Studio Version 17
VisualStudioVersion = 17.7.34031.279
MinimumVisualStudioVersion = 10.0.40219.1
Project("{FAE04EC0-301F-11D3-BF4B-00C04F79EFBC}") = "Reservation.Repository", "Reservation.Repository\Reservation.Repository.csproj", "{BFCEE6C8-2496-40E4-A4B6-AA495CFF22A1}"
EndProject
Project("{FAE04EC0-301F-11D3-BF4B-00C04F79EFBC}") = "Reservation.Api", "Reservation.Api\Reservation.Api.csproj", "{AE7E1E93-7228-4FB3-922A-DEE7F5EA859E}"
EndProject
Project("{FAE04EC0-301F-11D3-BF4B-00C04F79EFBC}") = "Reservation.Client", "Reservation.Client\Reservation.Client.csproj", "{2C8881C7-C070-4581-BC28-1D835660F7B7}"
EndProject
Global
	GlobalSection(SolutionConfigurationPlatforms) = preSolution
		Debug|Any CPU = Debug|Any CPU
		Release|Any CPU = Release|Any CPU
	EndGlobalSection
	GlobalSection(ProjectConfigurationPlatforms) = postSolution
		{BFCEE6C8-2496-40E4-A4B6-AA495CFF22A1}.Debug|Any CPU.ActiveCfg = Debug|Any CPU
		{BFCEE6C8-2496-40E4-A4B6-AA495CFF22A1}.Debug|Any CPU.Build.0 = Debug|Any CPU
		{BFCEE6C8-2496-40E4-A4B6-AA495CFF22A1}.Release|Any CPU.ActiveCfg = Release|Any CPU
		{BFCEE6C8-2496-40E4-A4B6-AA495CFF22A1}.Release|Any CPU.Build.0 = Release|Any CPU
		{AE7E1E93-7228-4FB3-922A-DEE7F5EA859E}.Debug|Any CPU.ActiveCfg = Debug|Any CPU
		{AE7E1E93-7228-4FB3-922A-DEE7F5EA859E}.Debug|Any CPU.Build.0 = Debug|Any CPU
		{AE7E1E93-7228-4FB3-922A-DEE7F5EA859E}.Release|Any CPU.ActiveCfg = Release|Any CPU
		{AE7E1E93-7228-4FB3-922A-DEE7F5EA859E}.Release|Any CPU.Build.0 = Release|Any CPU
		{2C8881C7-C070-4581-BC28-1D835660F7B7}.Debug|Any CPU.ActiveCfg = Debug|Any CPU
		{2C8881C7-C070-4581-BC28-1D835660F7B7}.Debug|Any CPU.Build.0 = Debug|Any CPU
		{2C8881C7-C070-4581-BC28-1D835660F7B7}.Release|Any CPU.ActiveCfg = Release|Any CPU
		{2C8881C7-C070-4581-BC28-1D835660F7B7}.Release|Any CPU.Build.0 = Release|Any CPU
	EndGlobalSection
	GlobalSection(SolutionProperties) = preSolution
		HideSolutionNode = FALSE
	EndGlobalSection
	GlobalSection(ExtensibilityGlobals) = postSolution
		SolutionGuid = {34A85F5A-E6BC-4DAC-88F3-3B7182AE61C8}
	EndGlobalSection
EndGlobal
